
Microsoft Visual Studio Solution File, Format Version 12.00
# Visual Studio Version 17
VisualStudioVersion = 17.3.32811.315
MinimumVisualStudioVersion = 10.0.40219.1
Project("{9A19103F-16F7-4668-BE54-9A1E7A4F7556}") = "ServerApiMikoAI", "ServerApiMikoAI\ServerApiMikoAI.csproj", "{B2FE5E43-7DDA-4C57-AC95-E9D0247016B6}"
EndProject
Global
	GlobalSection(SolutionConfigurationPlatforms) = preSolution
		Debug|Any CPU = Debug|Any CPU
		Release|Any CPU = Release|Any CPU
	EndGlobalSection
	GlobalSection(ProjectConfigurationPlatforms) = postSolution
		{B2FE5E43-7DDA-4C57-AC95-E9D0247016B6}.Debug|Any CPU.ActiveCfg = Debug|Any CPU
		{B2FE5E43-7DDA-4C57-AC95-E9D0247016B6}.Debug|Any CPU.Build.0 = Debug|Any CPU
		{B2FE5E43-7DDA-4C57-AC95-E9D0247016B6}.Release|Any CPU.ActiveCfg = Release|Any CPU
		{B2FE5E43-7DDA-4C57-AC95-E9D0247016B6}.Release|Any CPU.Build.0 = Release|Any CPU
	EndGlobalSection
	GlobalSection(SolutionProperties) = preSolution
		HideSolutionNode = FALSE
	EndGlobalSection
	GlobalSection(ExtensibilityGlobals) = postSolution
		SolutionGuid = {7477A8EA-9846-43EA-B1E7-97F0450F9095}
	EndGlobalSection
EndGlobal
